
Microsoft Visual Studio Solution File, Format Version 12.00
# Visual Studio Version 17
VisualStudioVersion = 17.8.34511.84
MinimumVisualStudioVersion = 10.0.40219.1
Project("{FAE04EC0-301F-11D3-BF4B-00C04F79EFBC}") = "Workaround", "Workaround\Workaround.csproj", "{C064D497-9390-4678-8764-DBBCA12FAAA5}"
EndProject
Project("{FAE04EC0-301F-11D3-BF4B-00C04F79EFBC}") = "Entities", "Entities\Entities.csproj", "{3EEE9031-F557-4581-9835-B987FDDDB62F}"
EndProject
Project("{FAE04EC0-301F-11D3-BF4B-00C04F79EFBC}") = "Business", "Business\Business.csproj", "{07BE7B1F-EEC8-4764-9CE5-19174297D832}"
EndProject
Global
	GlobalSection(SolutionConfigurationPlatforms) = preSolution
		Debug|Any CPU = Debug|Any CPU
		Release|Any CPU = Release|Any CPU
	EndGlobalSection
	GlobalSection(ProjectConfigurationPlatforms) = postSolution
		{C064D497-9390-4678-8764-DBBCA12FAAA5}.Debug|Any CPU.ActiveCfg = Debug|Any CPU
		{C064D497-9390-4678-8764-DBBCA12FAAA5}.Debug|Any CPU.Build.0 = Debug|Any CPU
		{C064D497-9390-4678-8764-DBBCA12FAAA5}.Release|Any CPU.ActiveCfg = Release|Any CPU
		{C064D497-9390-4678-8764-DBBCA12FAAA5}.Release|Any CPU.Build.0 = Release|Any CPU
		{3EEE9031-F557-4581-9835-B987FDDDB62F}.Debug|Any CPU.ActiveCfg = Debug|Any CPU
		{3EEE9031-F557-4581-9835-B987FDDDB62F}.Debug|Any CPU.Build.0 = Debug|Any CPU
		{3EEE9031-F557-4581-9835-B987FDDDB62F}.Release|Any CPU.ActiveCfg = Release|Any CPU
		{3EEE9031-F557-4581-9835-B987FDDDB62F}.Release|Any CPU.Build.0 = Release|Any CPU
		{07BE7B1F-EEC8-4764-9CE5-19174297D832}.Debug|Any CPU.ActiveCfg = Debug|Any CPU
		{07BE7B1F-EEC8-4764-9CE5-19174297D832}.Debug|Any CPU.Build.0 = Debug|Any CPU
		{07BE7B1F-EEC8-4764-9CE5-19174297D832}.Release|Any CPU.ActiveCfg = Release|Any CPU
		{07BE7B1F-EEC8-4764-9CE5-19174297D832}.Release|Any CPU.Build.0 = Release|Any CPU
	EndGlobalSection
	GlobalSection(SolutionProperties) = preSolution
		HideSolutionNode = FALSE
	EndGlobalSection
	GlobalSection(ExtensibilityGlobals) = postSolution
		SolutionGuid = {9D29001D-71AA-4815-B9C3-A7A9F837D0FE}
	EndGlobalSection
EndGlobal
